
Microsoft Visual Studio Solution File, Format Version 12.00
# Visual Studio 14
VisualStudioVersion = 14.0.25420.1
MinimumVisualStudioVersion = 10.0.40219.1
Project("{FAE04EC0-301F-11D3-BF4B-00C04F79EFBC}") = "XamarinTest.Android", "XamarinTest\XamarinTest.Android\XamarinTest.Android.csproj", "{BFBD8CF8-D222-4CCB-A20D-B0B9FDC645D6}"
EndProject
Project("{FAE04EC0-301F-11D3-BF4B-00C04F79EFBC}") = "XamarinTest", "XamarinTest\XamarinTest\XamarinTest.csproj", "{51F45EEA-ABE4-43A9-890F-052EC5048983}"
EndProject
Project("{FAE04EC0-301F-11D3-BF4B-00C04F79EFBC}") = "XamarinTest.iOS", "XamarinTest\XamarinTest.iOS\XamarinTest.iOS.csproj", "{ABC1B9E1-8ACE-4DF5-AB3E-E1A4267CA2A0}"
EndProject
Global
	GlobalSection(SolutionConfigurationPlatforms) = preSolution
		Ad-Hoc|Any CPU = Ad-Hoc|Any CPU
		Ad-Hoc|iPhone = Ad-Hoc|iPhone
		Ad-Hoc|iPhoneSimulator = Ad-Hoc|iPhoneSimulator
		Ad-Hoc|x86 = Ad-Hoc|x86
		AppStore|Any CPU = AppStore|Any CPU
		AppStore|iPhone = AppStore|iPhone
		AppStore|iPhoneSimulator = AppStore|iPhoneSimulator
		AppStore|x86 = AppStore|x86
		Debug|Any CPU = Debug|Any CPU
		Debug|iPhone = Debug|iPhone
		Debug|iPhoneSimulator = Debug|iPhoneSimulator
		Debug|x86 = Debug|x86
		Release|Any CPU = Release|Any CPU
		Release|iPhone = Release|iPhone
		Release|iPhoneSimulator = Release|iPhoneSimulator
		Release|x86 = Release|x86
	EndGlobalSection
	GlobalSection(ProjectConfigurationPlatforms) = postSolution
		{BFBD8CF8-D222-4CCB-A20D-B0B9FDC645D6}.Ad-Hoc|Any CPU.ActiveCfg = Release|Any CPU
		{BFBD8CF8-D222-4CCB-A20D-B0B9FDC645D6}.Ad-Hoc|Any CPU.Build.0 = Release|Any CPU
		{BFBD8CF8-D222-4CCB-A20D-B0B9FDC645D6}.Ad-Hoc|Any CPU.Deploy.0 = Release|Any CPU
		{BFBD8CF8-D222-4CCB-A20D-B0B9FDC645D6}.Ad-Hoc|iPhone.ActiveCfg = Release|Any CPU
		{BFBD8CF8-D222-4CCB-A20D-B0B9FDC645D6}.Ad-Hoc|iPhone.Build.0 = Release|Any CPU
		{BFBD8CF8-D222-4CCB-A20D-B0B9FDC645D6}.Ad-Hoc|iPhone.Deploy.0 = Release|Any CPU
		{BFBD8CF8-D222-4CCB-A20D-B0B9FDC645D6}.Ad-Hoc|iPhoneSimulator.ActiveCfg = Release|Any CPU
		{BFBD8CF8-D222-4CCB-A20D-B0B9FDC645D6}.Ad-Hoc|iPhoneSimulator.Build.0 = Release|Any CPU
		{BFBD8CF8-D222-4CCB-A20D-B0B9FDC645D6}.Ad-Hoc|iPhoneSimulator.Deploy.0 = Release|Any CPU
		{BFBD8CF8-D222-4CCB-A20D-B0B9FDC645D6}.Ad-Hoc|x86.ActiveCfg = Release|x86
		{BFBD8CF8-D222-4CCB-A20D-B0B9FDC645D6}.Ad-Hoc|x86.Build.0 = Release|x86
		{BFBD8CF8-D222-4CCB-A20D-B0B9FDC645D6}.Ad-Hoc|x86.Deploy.0 = Release|x86
		{BFBD8CF8-D222-4CCB-A20D-B0B9FDC645D6}.AppStore|Any CPU.ActiveCfg = Release|Any CPU
		{BFBD8CF8-D222-4CCB-A20D-B0B9FDC645D6}.AppStore|Any CPU.Build.0 = Release|Any CPU
		{BFBD8CF8-D222-4CCB-A20D-B0B9FDC645D6}.AppStore|Any CPU.Deploy.0 = Release|Any CPU
		{BFBD8CF8-D222-4CCB-A20D-B0B9FDC645D6}.AppStore|iPhone.ActiveCfg = Release|Any CPU
		{BFBD8CF8-D222-4CCB-A20D-B0B9FDC645D6}.AppStore|iPhone.Build.0 = Release|Any CPU
		{BFBD8CF8-D222-4CCB-A20D-B0B9FDC645D6}.AppStore|iPhone.Deploy.0 = Release|Any CPU
		{BFBD8CF8-D222-4CCB-A20D-B0B9FDC645D6}.AppStore|iPhoneSimulator.ActiveCfg = Release|Any CPU
		{BFBD8CF8-D222-4CCB-A20D-B0B9FDC645D6}.AppStore|iPhoneSimulator.Build.0 = Release|Any CPU
		{BFBD8CF8-D222-4CCB-A20D-B0B9FDC645D6}.AppStore|iPhoneSimulator.Deploy.0 = Release|Any CPU
		{BFBD8CF8-D222-4CCB-A20D-B0B9FDC645D6}.AppStore|x86.ActiveCfg = Release|x86
		{BFBD8CF8-D222-4CCB-A20D-B0B9FDC645D6}.AppStore|x86.Build.0 = Release|x86
		{BFBD8CF8-D222-4CCB-A20D-B0B9FDC645D6}.AppStore|x86.Deploy.0 = Release|x86
		{BFBD8CF8-D222-4CCB-A20D-B0B9FDC645D6}.Debug|Any CPU.ActiveCfg = Debug|Any CPU
		{BFBD8CF8-D222-4CCB-A20D-B0B9FDC645D6}.Debug|Any CPU.Build.0 = Debug|Any CPU
		{BFBD8CF8-D222-4CCB-A20D-B0B9FDC645D6}.Debug|Any CPU.Deploy.0 = Debug|Any CPU
		{BFBD8CF8-D222-4CCB-A20D-B0B9FDC645D6}.Debug|iPhone.ActiveCfg = Debug|Any CPU
		{BFBD8CF8-D222-4CCB-A20D-B0B9FDC645D6}.Debug|iPhone.Build.0 = Debug|Any CPU
		{BFBD8CF8-D222-4CCB-A20D-B0B9FDC645D6}.Debug|iPhone.Deploy.0 = Debug|Any CPU
		{BFBD8CF8-D222-4CCB-A20D-B0B9FDC645D6}.Debug|iPhoneSimulator.ActiveCfg = Debug|Any CPU
		{BFBD8CF8-D222-4CCB-A20D-B0B9FDC645D6}.Debug|iPhoneSimulator.Build.0 = Debug|Any CPU
		{BFBD8CF8-D222-4CCB-A20D-B0B9FDC645D6}.Debug|iPhoneSimulator.Deploy.0 = Debug|Any CPU
		{BFBD8CF8-D222-4CCB-A20D-B0B9FDC645D6}.Debug|x86.ActiveCfg = Debug|x86
		{BFBD8CF8-D222-4CCB-A20D-B0B9FDC645D6}.Debug|x86.Build.0 = Debug|x86
		{BFBD8CF8-D222-4CCB-A20D-B0B9FDC645D6}.Debug|x86.Deploy.0 = Debug|x86
		{BFBD8CF8-D222-4CCB-A20D-B0B9FDC645D6}.Release|Any CPU.ActiveCfg = Release|Any CPU
		{BFBD8CF8-D222-4CCB-A20D-B0B9FDC645D6}.Release|Any CPU.Build.0 = Release|Any CPU
		{BFBD8CF8-D222-4CCB-A20D-B0B9FDC645D6}.Release|Any CPU.Deploy.0 = Release|Any CPU
		{BFBD8CF8-D222-4CCB-A20D-B0B9FDC645D6}.Release|iPhone.ActiveCfg = Release|Any CPU
		{BFBD8CF8-D222-4CCB-A20D-B0B9FDC645D6}.Release|iPhone.Build.0 = Release|Any CPU
		{BFBD8CF8-D222-4CCB-A20D-B0B9FDC645D6}.Release|iPhone.Deploy.0 = Release|Any CPU
		{BFBD8CF8-D222-4CCB-A20D-B0B9FDC645D6}.Release|iPhoneSimulator.ActiveCfg = Release|Any CPU
		{BFBD8CF8-D222-4CCB-A20D-B0B9FDC645D6}.Release|iPhoneSimulator.Build.0 = Release|Any CPU
		{BFBD8CF8-D222-4CCB-A20D-B0B9FDC645D6}.Release|iPhoneSimulator.Deploy.0 = Release|Any CPU
		{BFBD8CF8-D222-4CCB-A20D-B0B9FDC645D6}.Release|x86.ActiveCfg = Release|x86
		{BFBD8CF8-D222-4CCB-A20D-B0B9FDC645D6}.Release|x86.Build.0 = Release|x86
		{BFBD8CF8-D222-4CCB-A20D-B0B9FDC645D6}.Release|x86.Deploy.0 = Release|x86
		{51F45EEA-ABE4-43A9-890F-052EC5048983}.Ad-Hoc|Any CPU.ActiveCfg = Release|Any CPU
		{51F45EEA-ABE4-43A9-890F-052EC5048983}.Ad-Hoc|Any CPU.Build.0 = Release|Any CPU
		{51F45EEA-ABE4-43A9-890F-052EC5048983}.Ad-Hoc|iPhone.ActiveCfg = Release|Any CPU
		{51F45EEA-ABE4-43A9-890F-052EC5048983}.Ad-Hoc|iPhone.Build.0 = Release|Any CPU
		{51F45EEA-ABE4-43A9-890F-052EC5048983}.Ad-Hoc|iPhoneSimulator.ActiveCfg = Release|Any CPU
		{51F45EEA-ABE4-43A9-890F-052EC5048983}.Ad-Hoc|iPhoneSimulator.Build.0 = Release|Any CPU
		{51F45EEA-ABE4-43A9-890F-052EC5048983}.Ad-Hoc|x86.ActiveCfg = Debug|Any CPU
		{51F45EEA-ABE4-43A9-890F-052EC5048983}.Ad-Hoc|x86.Build.0 = Debug|Any CPU
		{51F45EEA-ABE4-43A9-890F-052EC5048983}.AppStore|Any CPU.ActiveCfg = Release|Any CPU
		{51F45EEA-ABE4-43A9-890F-052EC5048983}.AppStore|Any CPU.Build.0 = Release|Any CPU
		{51F45EEA-ABE4-43A9-890F-052EC5048983}.AppStore|iPhone.ActiveCfg = Release|Any CPU
		{51F45EEA-ABE4-43A9-890F-052EC5048983}.AppStore|iPhone.Build.0 = Release|Any CPU
		{51F45EEA-ABE4-43A9-890F-052EC5048983}.AppStore|iPhoneSimulator.ActiveCfg = Release|Any CPU
		{51F45EEA-ABE4-43A9-890F-052EC5048983}.AppStore|iPhoneSimulator.Build.0 = Release|Any CPU
		{51F45EEA-ABE4-43A9-890F-052EC5048983}.AppStore|x86.ActiveCfg = Debug|Any CPU
		{51F45EEA-ABE4-43A9-890F-052EC5048983}.AppStore|x86.Build.0 = Debug|Any CPU
		{51F45EEA-ABE4-43A9-890F-052EC5048983}.Debug|Any CPU.ActiveCfg = Debug|Any CPU
		{51F45EEA-ABE4-43A9-890F-052EC5048983}.Debug|Any CPU.Build.0 = Debug|Any CPU
		{51F45EEA-ABE4-43A9-890F-052EC5048983}.Debug|iPhone.ActiveCfg = Debug|Any CPU
		{51F45EEA-ABE4-43A9-890F-052EC5048983}.Debug|iPhone.Build.0 = Debug|Any CPU
		{51F45EEA-ABE4-43A9-890F-052EC5048983}.Debug|iPhoneSimulator.ActiveCfg = Debug|Any CPU
		{51F45EEA-ABE4-43A9-890F-052EC5048983}.Debug|iPhoneSimulator.Build.0 = Debug|Any CPU
		{51F45EEA-ABE4-43A9-890F-052EC5048983}.Debug|x86.ActiveCfg = Debug|Any CPU
		{51F45EEA-ABE4-43A9-890F-052EC5048983}.Debug|x86.Build.0 = Debug|Any CPU
		{51F45EEA-ABE4-43A9-890F-052EC5048983}.Release|Any CPU.ActiveCfg = Release|Any CPU
		{51F45EEA-ABE4-43A9-890F-052EC5048983}.Release|Any CPU.Build.0 = Release|Any CPU
		{51F45EEA-ABE4-43A9-890F-052EC5048983}.Release|iPhone.ActiveCfg = Release|Any CPU
		{51F45EEA-ABE4-43A9-890F-052EC5048983}.Release|iPhone.Build.0 = Release|Any CPU
		{51F45EEA-ABE4-43A9-890F-052EC5048983}.Release|iPhoneSimulator.ActiveCfg = Release|Any CPU
		{51F45EEA-ABE4-43A9-890F-052EC5048983}.Release|iPhoneSimulator.Build.0 = Release|Any CPU
		{51F45EEA-ABE4-43A9-890F-052EC5048983}.Release|x86.ActiveCfg = Release|Any CPU
		{51F45EEA-ABE4-43A9-890F-052EC5048983}.Release|x86.Build.0 = Release|Any CPU
		{ABC1B9E1-8ACE-4DF5-AB3E-E1A4267CA2A0}.Ad-Hoc|Any CPU.ActiveCfg = Ad-Hoc|iPhone
		{ABC1B9E1-8ACE-4DF5-AB3E-E1A4267CA2A0}.Ad-Hoc|iPhone.ActiveCfg = Ad-Hoc|iPhone
		{ABC1B9E1-8ACE-4DF5-AB3E-E1A4267CA2A0}.Ad-Hoc|iPhone.Build.0 = Ad-Hoc|iPhone
		{ABC1B9E1-8ACE-4DF5-AB3E-E1A4267CA2A0}.Ad-Hoc|iPhoneSimulator.ActiveCfg = Ad-Hoc|iPhoneSimulator
		{ABC1B9E1-8ACE-4DF5-AB3E-E1A4267CA2A0}.Ad-Hoc|iPhoneSimulator.Build.0 = Ad-Hoc|iPhoneSimulator
		{ABC1B9E1-8ACE-4DF5-AB3E-E1A4267CA2A0}.Ad-Hoc|x86.ActiveCfg = Ad-Hoc|iPhoneSimulator
		{ABC1B9E1-8ACE-4DF5-AB3E-E1A4267CA2A0}.AppStore|Any CPU.ActiveCfg = AppStore|iPhone
		{ABC1B9E1-8ACE-4DF5-AB3E-E1A4267CA2A0}.AppStore|iPhone.ActiveCfg = AppStore|iPhone
		{ABC1B9E1-8ACE-4DF5-AB3E-E1A4267CA2A0}.AppStore|iPhone.Build.0 = AppStore|iPhone
		{ABC1B9E1-8ACE-4DF5-AB3E-E1A4267CA2A0}.AppStore|iPhoneSimulator.ActiveCfg = AppStore|iPhoneSimulator
		{ABC1B9E1-8ACE-4DF5-AB3E-E1A4267CA2A0}.AppStore|iPhoneSimulator.Build.0 = AppStore|iPhoneSimulator
		{ABC1B9E1-8ACE-4DF5-AB3E-E1A4267CA2A0}.AppStore|x86.ActiveCfg = AppStore|iPhoneSimulator
		{ABC1B9E1-8ACE-4DF5-AB3E-E1A4267CA2A0}.Debug|Any CPU.ActiveCfg = Debug|iPhone
		{ABC1B9E1-8ACE-4DF5-AB3E-E1A4267CA2A0}.Debug|iPhone.ActiveCfg = Debug|iPhone
		{ABC1B9E1-8ACE-4DF5-AB3E-E1A4267CA2A0}.Debug|iPhone.Build.0 = Debug|iPhone
		{ABC1B9E1-8ACE-4DF5-AB3E-E1A4267CA2A0}.Debug|iPhoneSimulator.ActiveCfg = Debug|iPhoneSimulator
		{ABC1B9E1-8ACE-4DF5-AB3E-E1A4267CA2A0}.Debug|iPhoneSimulator.Build.0 = Debug|iPhoneSimulator
		{ABC1B9E1-8ACE-4DF5-AB3E-E1A4267CA2A0}.Debug|x86.ActiveCfg = Debug|iPhoneSimulator
		{ABC1B9E1-8ACE-4DF5-AB3E-E1A4267CA2A0}.Release|Any CPU.ActiveCfg = Release|iPhone
		{ABC1B9E1-8ACE-4DF5-AB3E-E1A4267CA2A0}.Release|iPhone.ActiveCfg = Release|iPhone
		{ABC1B9E1-8ACE-4DF5-AB3E-E1A4267CA2A0}.Release|iPhone.Build.0 = Release|iPhone
		{ABC1B9E1-8ACE-4DF5-AB3E-E1A4267CA2A0}.Release|iPhoneSimulator.ActiveCfg = Release|iPhoneSimulator
		{ABC1B9E1-8ACE-4DF5-AB3E-E1A4267CA2A0}.Release|iPhoneSimulator.Build.0 = Release|iPhoneSimulator
		{ABC1B9E1-8ACE-4DF5-AB3E-E1A4267CA2A0}.Release|x86.ActiveCfg = Release|iPhoneSimulator
	EndGlobalSection
	GlobalSection(SolutionProperties) = preSolution
		HideSolutionNode = FALSE
	EndGlobalSection
EndGlobal
